
Microsoft Visual Studio Solution File, Format Version 12.00
# Visual Studio 15
VisualStudioVersion = 15.0.28307.271
MinimumVisualStudioVersion = 10.0.40219.1
Project("{FAE04EC0-301F-11D3-BF4B-00C04F79EFBC}") = "MedikoPlus_Web", "MedikoPlus_Web\MedikoPlus_Web.csproj", "{8A706046-DEEC-44AC-9925-F1C34EDDF45E}"
EndProject
Project("{FAE04EC0-301F-11D3-BF4B-00C04F79EFBC}") = "MedikoPlus_Main", "MedikoPlus_Main\MedikoPlus_Main.csproj", "{6439D6A7-2DDD-420C-884A-0041EDC1FE9F}"
EndProject
Global
	GlobalSection(SolutionConfigurationPlatforms) = preSolution
		Debug|Any CPU = Debug|Any CPU
		Release|Any CPU = Release|Any CPU
	EndGlobalSection
	GlobalSection(ProjectConfigurationPlatforms) = postSolution
		{8A706046-DEEC-44AC-9925-F1C34EDDF45E}.Debug|Any CPU.ActiveCfg = Debug|Any CPU
		{8A706046-DEEC-44AC-9925-F1C34EDDF45E}.Debug|Any CPU.Build.0 = Debug|Any CPU
		{8A706046-DEEC-44AC-9925-F1C34EDDF45E}.Release|Any CPU.ActiveCfg = Release|Any CPU
		{8A706046-DEEC-44AC-9925-F1C34EDDF45E}.Release|Any CPU.Build.0 = Release|Any CPU
		{6439D6A7-2DDD-420C-884A-0041EDC1FE9F}.Debug|Any CPU.ActiveCfg = Debug|Any CPU
		{6439D6A7-2DDD-420C-884A-0041EDC1FE9F}.Debug|Any CPU.Build.0 = Debug|Any CPU
		{6439D6A7-2DDD-420C-884A-0041EDC1FE9F}.Release|Any CPU.ActiveCfg = Release|Any CPU
		{6439D6A7-2DDD-420C-884A-0041EDC1FE9F}.Release|Any CPU.Build.0 = Release|Any CPU
	EndGlobalSection
	GlobalSection(SolutionProperties) = preSolution
		HideSolutionNode = FALSE
	EndGlobalSection
	GlobalSection(ExtensibilityGlobals) = postSolution
		EnterpriseLibraryConfigurationToolBinariesPath = packages\Unity.Interception.2.1.505.0\lib\NET35
		SolutionGuid = {5A7E5450-710E-4FE9-975B-9EAF692B8017}
	EndGlobalSection
EndGlobal
